
Microsoft Visual Studio Solution File, Format Version 12.00
# Visual Studio 2013
VisualStudioVersion = 12.0.0.0
MinimumVisualStudioVersion = 10.0.0.1
Project("{FAE04EC0-301F-11D3-BF4B-00C04F79EFBC}") = "TableDeMultiplication", "TableDeMultiplication/TableDeMultiplication.csproj", "{3051B257-9D82-4341-B6E0-EFB84B76372C}"
EndProject
Project("{FAE04EC0-301F-11D3-BF4B-00C04F79EFBC}") = "TableDeMultiplicationObjet", "TableDeMultiplicationObjet\TableDeMultiplicationObjet.csproj", "{0481970D-9470-4F5D-97AD-5D96FA31227A}"
EndProject
Project("{FAE04EC0-301F-11D3-BF4B-00C04F79EFBC}") = "FactorielSansBoucle", "FactorielSansBoucle\FactorielSansBoucle.csproj", "{ED831005-AB39-4D0E-BFF2-BB7725FFC23F}"
EndProject
Project("{FAE04EC0-301F-11D3-BF4B-00C04F79EFBC}") = "Overrider", "Overrider\Overrider.csproj", "{D8B3AB83-467B-4A6A-9D00-CABD0BA3DAC6}"
EndProject
Project("{FAE04EC0-301F-11D3-BF4B-00C04F79EFBC}") = "ListsAndMaps", "ListsAndMaps\ListsAndMaps.csproj", "{C77B489F-ECCF-4F59-BD6C-13102E4D87CC}"
EndProject
Project("{FAE04EC0-301F-11D3-BF4B-00C04F79EFBC}") = "PersonneAvancee", "PersonneAvancee\PersonneAvancee.csproj", "{E48E767E-64D6-4104-8757-08F792EC83BC}"
EndProject
Project("{FAE04EC0-301F-11D3-BF4B-00C04F79EFBC}") = "PersonneEtFamille", "PersonneEtFamille\PersonneEtFamille.csproj", "{A3E27956-4A13-4AD5-95E6-C14A1FFDDD15}"
EndProject
Project("{FAE04EC0-301F-11D3-BF4B-00C04F79EFBC}") = "Formes", "Formes\Formes.csproj", "{799394B5-9559-494D-9124-F9098B552C70}"
EndProject
Project("{FAE04EC0-301F-11D3-BF4B-00C04F79EFBC}") = "FormesTest", "FormesTest\FormesTest.csproj", "{8D6B2F71-530F-4FAC-88F4-8C9C6F8BACC0}"
EndProject
Project("{FAE04EC0-301F-11D3-BF4B-00C04F79EFBC}") = "Properties", "Properties\Properties.csproj", "{C35F6E7E-87ED-4BF6-B264-2154D64BA05F}"
EndProject
Project("{FAE04EC0-301F-11D3-BF4B-00C04F79EFBC}") = "Triage", "Triage\Triage.csproj", "{B88498A8-B5B7-4B6A-91E1-1D26DDF4361F}"
EndProject
Project("{FAE04EC0-301F-11D3-BF4B-00C04F79EFBC}") = "Timer", "Timer\Timer.csproj", "{24F3DC7F-97B2-44FF-B593-216472349CA0}"
EndProject
Global
	GlobalSection(SolutionConfigurationPlatforms) = preSolution
		Debug|Any CPU = Debug|Any CPU
		Release|Any CPU = Release|Any CPU
	EndGlobalSection
	GlobalSection(ProjectConfigurationPlatforms) = postSolution
		{3051B257-9D82-4341-B6E0-EFB84B76372C}.Debug|Any CPU.ActiveCfg = Debug|Any CPU
		{3051B257-9D82-4341-B6E0-EFB84B76372C}.Debug|Any CPU.Build.0 = Debug|Any CPU
		{3051B257-9D82-4341-B6E0-EFB84B76372C}.Release|Any CPU.ActiveCfg = Release|Any CPU
		{3051B257-9D82-4341-B6E0-EFB84B76372C}.Release|Any CPU.Build.0 = Release|Any CPU
		{0481970D-9470-4F5D-97AD-5D96FA31227A}.Debug|Any CPU.ActiveCfg = Debug|Any CPU
		{0481970D-9470-4F5D-97AD-5D96FA31227A}.Debug|Any CPU.Build.0 = Debug|Any CPU
		{0481970D-9470-4F5D-97AD-5D96FA31227A}.Release|Any CPU.ActiveCfg = Release|Any CPU
		{0481970D-9470-4F5D-97AD-5D96FA31227A}.Release|Any CPU.Build.0 = Release|Any CPU
		{ED831005-AB39-4D0E-BFF2-BB7725FFC23F}.Debug|Any CPU.ActiveCfg = Debug|Any CPU
		{ED831005-AB39-4D0E-BFF2-BB7725FFC23F}.Debug|Any CPU.Build.0 = Debug|Any CPU
		{ED831005-AB39-4D0E-BFF2-BB7725FFC23F}.Release|Any CPU.ActiveCfg = Release|Any CPU
		{ED831005-AB39-4D0E-BFF2-BB7725FFC23F}.Release|Any CPU.Build.0 = Release|Any CPU
		{D8B3AB83-467B-4A6A-9D00-CABD0BA3DAC6}.Debug|Any CPU.ActiveCfg = Debug|Any CPU
		{D8B3AB83-467B-4A6A-9D00-CABD0BA3DAC6}.Debug|Any CPU.Build.0 = Debug|Any CPU
		{D8B3AB83-467B-4A6A-9D00-CABD0BA3DAC6}.Release|Any CPU.ActiveCfg = Release|Any CPU
		{D8B3AB83-467B-4A6A-9D00-CABD0BA3DAC6}.Release|Any CPU.Build.0 = Release|Any CPU
		{C77B489F-ECCF-4F59-BD6C-13102E4D87CC}.Debug|Any CPU.ActiveCfg = Debug|Any CPU
		{C77B489F-ECCF-4F59-BD6C-13102E4D87CC}.Debug|Any CPU.Build.0 = Debug|Any CPU
		{C77B489F-ECCF-4F59-BD6C-13102E4D87CC}.Release|Any CPU.ActiveCfg = Release|Any CPU
		{C77B489F-ECCF-4F59-BD6C-13102E4D87CC}.Release|Any CPU.Build.0 = Release|Any CPU
		{E48E767E-64D6-4104-8757-08F792EC83BC}.Debug|Any CPU.ActiveCfg = Debug|Any CPU
		{E48E767E-64D6-4104-8757-08F792EC83BC}.Debug|Any CPU.Build.0 = Debug|Any CPU
		{E48E767E-64D6-4104-8757-08F792EC83BC}.Release|Any CPU.ActiveCfg = Release|Any CPU
		{E48E767E-64D6-4104-8757-08F792EC83BC}.Release|Any CPU.Build.0 = Release|Any CPU
		{A3E27956-4A13-4AD5-95E6-C14A1FFDDD15}.Debug|Any CPU.ActiveCfg = Debug|Any CPU
		{A3E27956-4A13-4AD5-95E6-C14A1FFDDD15}.Debug|Any CPU.Build.0 = Debug|Any CPU
		{A3E27956-4A13-4AD5-95E6-C14A1FFDDD15}.Release|Any CPU.ActiveCfg = Release|Any CPU
		{A3E27956-4A13-4AD5-95E6-C14A1FFDDD15}.Release|Any CPU.Build.0 = Release|Any CPU
		{799394B5-9559-494D-9124-F9098B552C70}.Debug|Any CPU.ActiveCfg = Debug|Any CPU
		{799394B5-9559-494D-9124-F9098B552C70}.Debug|Any CPU.Build.0 = Debug|Any CPU
		{799394B5-9559-494D-9124-F9098B552C70}.Release|Any CPU.ActiveCfg = Release|Any CPU
		{799394B5-9559-494D-9124-F9098B552C70}.Release|Any CPU.Build.0 = Release|Any CPU
		{8D6B2F71-530F-4FAC-88F4-8C9C6F8BACC0}.Debug|Any CPU.ActiveCfg = Debug|Any CPU
		{8D6B2F71-530F-4FAC-88F4-8C9C6F8BACC0}.Debug|Any CPU.Build.0 = Debug|Any CPU
		{8D6B2F71-530F-4FAC-88F4-8C9C6F8BACC0}.Release|Any CPU.ActiveCfg = Release|Any CPU
		{8D6B2F71-530F-4FAC-88F4-8C9C6F8BACC0}.Release|Any CPU.Build.0 = Release|Any CPU
		{C35F6E7E-87ED-4BF6-B264-2154D64BA05F}.Debug|Any CPU.ActiveCfg = Debug|Any CPU
		{C35F6E7E-87ED-4BF6-B264-2154D64BA05F}.Debug|Any CPU.Build.0 = Debug|Any CPU
		{C35F6E7E-87ED-4BF6-B264-2154D64BA05F}.Release|Any CPU.ActiveCfg = Release|Any CPU
		{C35F6E7E-87ED-4BF6-B264-2154D64BA05F}.Release|Any CPU.Build.0 = Release|Any CPU
		{B88498A8-B5B7-4B6A-91E1-1D26DDF4361F}.Debug|Any CPU.ActiveCfg = Debug|Any CPU
		{B88498A8-B5B7-4B6A-91E1-1D26DDF4361F}.Debug|Any CPU.Build.0 = Debug|Any CPU
		{B88498A8-B5B7-4B6A-91E1-1D26DDF4361F}.Release|Any CPU.ActiveCfg = Release|Any CPU
		{B88498A8-B5B7-4B6A-91E1-1D26DDF4361F}.Release|Any CPU.Build.0 = Release|Any CPU
		{24F3DC7F-97B2-44FF-B593-216472349CA0}.Debug|Any CPU.ActiveCfg = Debug|Any CPU
		{24F3DC7F-97B2-44FF-B593-216472349CA0}.Debug|Any CPU.Build.0 = Debug|Any CPU
		{24F3DC7F-97B2-44FF-B593-216472349CA0}.Release|Any CPU.ActiveCfg = Release|Any CPU
		{24F3DC7F-97B2-44FF-B593-216472349CA0}.Release|Any CPU.Build.0 = Release|Any CPU
	EndGlobalSection
	GlobalSection(SolutionProperties) = preSolution
		HideSolutionNode = FALSE
	EndGlobalSection
EndGlobal
